
Microsoft Visual Studio Solution File, Format Version 12.00
# Visual Studio 15
VisualStudioVersion = 15.0.28010.2046
MinimumVisualStudioVersion = 10.0.40219.1
Project("{FAE04EC0-301F-11D3-BF4B-00C04F79EFBC}") = "SocialNetworkApp", "SocialNetworkApp\SocialNetworkApp.csproj", "{511B499E-B526-48B8-8914-D76D1D2DF509}"
EndProject
Global
	GlobalSection(SolutionConfigurationPlatforms) = preSolution
		Debug|Any CPU = Debug|Any CPU
		Release|Any CPU = Release|Any CPU
	EndGlobalSection
	GlobalSection(ProjectConfigurationPlatforms) = postSolution
		{511B499E-B526-48B8-8914-D76D1D2DF509}.Debug|Any CPU.ActiveCfg = Debug|Any CPU
		{511B499E-B526-48B8-8914-D76D1D2DF509}.Debug|Any CPU.Build.0 = Debug|Any CPU
		{511B499E-B526-48B8-8914-D76D1D2DF509}.Release|Any CPU.ActiveCfg = Release|Any CPU
		{511B499E-B526-48B8-8914-D76D1D2DF509}.Release|Any CPU.Build.0 = Release|Any CPU
	EndGlobalSection
	GlobalSection(SolutionProperties) = preSolution
		HideSolutionNode = FALSE
	EndGlobalSection
	GlobalSection(ExtensibilityGlobals) = postSolution
		SolutionGuid = {74A32072-E447-4EA6-A47B-A5CB53D09F9B}
	EndGlobalSection
EndGlobal
